// !$*UTF8*$!
{
	archiveVersion = 1;
	classes = {
	};
	objectVersion = 46;
	objects = {

/* Begin PBXBuildFile section */
		0178D2F5C8FF4A0D98AF5968 /* VideoToolbox.framework in Frameworks */ = {isa = PBXBuildFile; fileRef = 846944DFB4024E7195087B28 /* VideoToolbox.framework */; };
		0207DA581B56EA530066E2B4 /* Images.xcassets in Resources */ = {isa = PBXBuildFile; fileRef = 0207DA571B56EA530066E2B4 /* Images.xcassets */; };
		10797DD311E847449AA3F041 /* iosrtcPlugin.swift in Sources */ = {isa = PBXBuildFile; fileRef = 4871D6C6537A4E27B2677957 /* iosrtcPlugin.swift */; };
		13910445EB1144489DCBD007 /* CDVStatusBar.m in Sources */ = {isa = PBXBuildFile; fileRef = 8AC33029C4614AD58AC737E8 /* CDVStatusBar.m */; };
		14DE7F4F9FF443E8A68D3D51 /* PluginUtils.swift in Sources */ = {isa = PBXBuildFile; fileRef = 4A68EE1E41244C03978CE974 /* PluginUtils.swift */; };
		1D3623260D0F684500981E51 /* AppDelegate.m in Sources */ = {isa = PBXBuildFile; fileRef = 1D3623250D0F684500981E51 /* AppDelegate.m */; };
		1D60589B0D05DD56006BFB54 /* main.m in Sources */ = {isa = PBXBuildFile; fileRef = 29B97316FDCFA39411CA2CEA /* main.m */; };
		220C409D601246AD84C18AE0 /* AudioToolbox.framework in Frameworks */ = {isa = PBXBuildFile; fileRef = F5BA5A7A090B4F9193F7B3DD /* AudioToolbox.framework */; };
		2575F6B7480E47A3BDF2A895 /* libsqlite3.0.dylib in Frameworks */ = {isa = PBXBuildFile; fileRef = 93EC4A710E80408C9165966F /* libsqlite3.0.dylib */; };
		29A6AC47124E40518CEF77E1 /* libstdc++.dylib in Frameworks */ = {isa = PBXBuildFile; fileRef = 3011FEF74EE847EFA2DA1047 /* libstdc++.dylib */; };
		301BF552109A68D80062928A /* libCordova.a in Frameworks */ = {isa = PBXBuildFile; fileRef = 301BF535109A57CC0062928A /* libCordova.a */; settings = {ATTRIBUTES = (Required, ); }; };
		302D95F114D2391D003F00A1 /* MainViewController.m in Sources */ = {isa = PBXBuildFile; fileRef = 302D95EF14D2391D003F00A1 /* MainViewController.m */; };
		302D95F214D2391D003F00A1 /* MainViewController.xib in Resources */ = {isa = PBXBuildFile; fileRef = 302D95F014D2391D003F00A1 /* MainViewController.xib */; };
		3C5B8A6979A5491099852448 /* libc++.dylib in Frameworks */ = {isa = PBXBuildFile; fileRef = EAB3AFC06E194E8E98B1B567 /* libc++.dylib */; };
		41391DA0EF9649B1A5A9C372 /* QuartzCore.framework in Frameworks */ = {isa = PBXBuildFile; fileRef = 3D65D0FF048847C2B1BB2AE7 /* QuartzCore.framework */; };
		4BF2AB8FB44F403F9B823CCC /* PluginMediaStream.swift in Sources */ = {isa = PBXBuildFile; fileRef = 4F5B0FE06C1C448B899593A1 /* PluginMediaStream.swift */; };
		4D792F0BA91745B89FA2EB80 /* CoreMedia.framework in Frameworks */ = {isa = PBXBuildFile; fileRef = 7E276DEC769F433BA547B6CF /* CoreMedia.framework */; };
		50A7843519A446C8BAC66E0F /* WebRTC.framework in Embed Frameworks */ = {isa = PBXBuildFile; fileRef = F79F06665C604ED0A3FBFE1C /* WebRTC.framework */; settings = {ATTRIBUTES = (CodeSignOnCopy, ); }; };
		55138B56A4A64565887ADDE6 /* PluginRTCAudioController.swift in Sources */ = {isa = PBXBuildFile; fileRef = 62673C48C43144E881D40870 /* PluginRTCAudioController.swift */; };
		5B72E8C5919346AE8EA45CB0 /* PluginGetUserMedia.swift in Sources */ = {isa = PBXBuildFile; fileRef = A840AC889B194EAA8A44242C /* PluginGetUserMedia.swift */; };
		616D8BF493DE4266AA9C7B89 /* CDVWKProcessPoolFactory.m in Sources */ = {isa = PBXBuildFile; fileRef = 402C0B369B204F7EB530C5D7 /* CDVWKProcessPoolFactory.m */; };
		6AFF5BF91D6E424B00AB3073 /* CDVLaunchScreen.storyboard in Resources */ = {isa = PBXBuildFile; fileRef = 6AFF5BF81D6E424B00AB3073 /* CDVLaunchScreen.storyboard */; };
		741C7540980C400184CC93EE /* CDVWKWebViewUIDelegate.m in Sources */ = {isa = PBXBuildFile; fileRef = C36B628955464D9884EDDD61 /* CDVWKWebViewUIDelegate.m */; };
		7CAF50CE48AE4F87B3409A11 /* AVFoundation.framework in Frameworks */ = {isa = PBXBuildFile; fileRef = E44B412E38F74608AB279283 /* AVFoundation.framework */; };
		7DCF6DC0783348FD8E2AF88E /* CDVDevice.m in Sources */ = {isa = PBXBuildFile; fileRef = 604CED0F18E9401D8FD2763B /* CDVDevice.m */; };
		7F942337482F478ABAFCCEEF /* CoreVideo.framework in Frameworks */ = {isa = PBXBuildFile; fileRef = 94C7C8B7BA2A47C3A4D47080 /* CoreVideo.framework */; };
		87CC19092CB5481DB389CF0F /* PluginRTCDataChannel.swift in Sources */ = {isa = PBXBuildFile; fileRef = 5981457C4E3846E7A7C8EA22 /* PluginRTCDataChannel.swift */; };
		897CB8C7E09B44BDADD40C84 /* PluginRTCDTMFSender.swift in Sources */ = {isa = PBXBuildFile; fileRef = CA8C4837CD15496BAFB26EE2 /* PluginRTCDTMFSender.swift */; };
		8BD523C3996B4B4FB4777DAD /* WebKit.framework in Frameworks */ = {isa = PBXBuildFile; fileRef = 8DE5DAD198A140AD8196FF73 /* WebKit.framework */; settings = {ATTRIBUTES = (Weak, ); }; };
		985F8851858243FB8D4EBE3D /* GLKit.framework in Frameworks */ = {isa = PBXBuildFile; fileRef = 6976F259373646BD9C5F562F /* GLKit.framework */; };
		9B560BEAB30D4726BB79A115 /* CoreLocation.framework in Frameworks */ = {isa = PBXBuildFile; fileRef = 65F278CB3AE14522B6775513 /* CoreLocation.framework */; };
		9EA6A6B341F94886B6C8A9F1 /* PluginMediaStreamTrack.swift in Sources */ = {isa = PBXBuildFile; fileRef = 9EA4F631D50542CD9BF9E580 /* PluginMediaStreamTrack.swift */; };
		A02B55FA1C4843C79F6F8997 /* PluginRTCTypes.swift in Sources */ = {isa = PBXBuildFile; fileRef = 2D602FECB9E74A7A88FB3F89 /* PluginRTCTypes.swift */; };
		A8814FE5833242E29AC4ECDE /* OpenGLES.framework in Frameworks */ = {isa = PBXBuildFile; fileRef = F8196EB0BF9C4DE685C595A3 /* OpenGLES.framework */; };
		BB254E3837584518A9111294 /* PluginRTCPeerConnectionConstraints.swift in Sources */ = {isa = PBXBuildFile; fileRef = F829F2DB082540AEB3DD7078 /* PluginRTCPeerConnectionConstraints.swift */; };
		BCBEF4B04CAB4AFFBF0D2B32 /* CDVWKWebViewEngine.m in Sources */ = {isa = PBXBuildFile; fileRef = E252D33C3F004810A169396B /* CDVWKWebViewEngine.m */; };
		C20CC68F21574182B1065D81 /* PluginRTCVideoCaptureController.swift in Sources */ = {isa = PBXBuildFile; fileRef = 5C41A3C3F0D5428097D606AC /* PluginRTCVideoCaptureController.swift */; };
		CDE17A98AE4C441DAD908F40 /* PluginMediaStreamRenderer.swift in Sources */ = {isa = PBXBuildFile; fileRef = A8DBB0FE466B424AA5864973 /* PluginMediaStreamRenderer.swift */; };
		D4246404429A461294B67588 /* PluginEnumerateDevices.swift in Sources */ = {isa = PBXBuildFile; fileRef = E64A27756C084F53ACA212B8 /* PluginEnumerateDevices.swift */; };
		E2989DDCCC17430D86817E12 /* PluginRTCPeerConnectionConfig.swift in Sources */ = {isa = PBXBuildFile; fileRef = CF85E7A8690046E0820DBFE9 /* PluginRTCPeerConnectionConfig.swift */; };
		E441B82A01E142A6AB766F0A /* PluginRTCPeerConnection.swift in Sources */ = {isa = PBXBuildFile; fileRef = D7D58F023AB34BC0B732E9DD /* PluginRTCPeerConnection.swift */; };
		FAC06B7CB38E4D8CA6AD6D26 /* CoreAudio.framework in Frameworks */ = {isa = PBXBuildFile; fileRef = F97203F468C44D789C59C99E /* CoreAudio.framework */; };
/* End PBXBuildFile section */

/* Begin PBXContainerItemProxy section */
		301BF534109A57CC0062928A /* PBXContainerItemProxy */ = {
			isa = PBXContainerItemProxy;
			containerPortal = 301BF52D109A57CC0062928A /* CordovaLib.xcodeproj */;
			proxyType = 2;
			remoteGlobalIDString = D2AAC07E0554694100DB518D;
			remoteInfo = CordovaLib;
		};
		301BF550109A68C00062928A /* PBXContainerItemProxy */ = {
			isa = PBXContainerItemProxy;
			containerPortal = 301BF52D109A57CC0062928A /* CordovaLib.xcodeproj */;
			proxyType = 1;
			remoteGlobalIDString = D2AAC07D0554694100DB518D;
			remoteInfo = CordovaLib;
		};
		907D8123214C687600058A10 /* PBXContainerItemProxy */ = {
			isa = PBXContainerItemProxy;
			containerPortal = 301BF52D109A57CC0062928A /* CordovaLib.xcodeproj */;
			proxyType = 2;
			remoteGlobalIDString = C0C01EB21E3911D50056E6CB;
			remoteInfo = Cordova;
		};
/* End PBXContainerItemProxy section */

/* Begin PBXCopyFilesBuildPhase section */
		51AAB6CB3FB64DEAAE7A6DCD /* Embed Frameworks */ = {
			isa = PBXCopyFilesBuildPhase;
			buildActionMask = 2147483647;
			dstPath = "";
			dstSubfolderSpec = 10;
			files = (
				50A7843519A446C8BAC66E0F /* WebRTC.framework in Embed Frameworks */,
			);
			name = "Embed Frameworks";
			runOnlyForDeploymentPostprocessing = 0;
		};
/* End PBXCopyFilesBuildPhase section */

/* Begin PBXFileReference section */
		0207DA571B56EA530066E2B4 /* Images.xcassets */ = {isa = PBXFileReference; lastKnownFileType = folder.assetcatalog; name = Images.xcassets; path = SampleVideoChatConfCordova/Images.xcassets; sourceTree = SOURCE_ROOT; };
		0395869C344843C291C4771F /* CDVWKProcessPoolFactory.h */ = {isa = PBXFileReference; explicitFileType = undefined; fileEncoding = 4; includeInIndex = 0; lastKnownFileType = sourcecode.c.h; name = CDVWKProcessPoolFactory.h; path = "cordova-plugin-wkwebview-engine/CDVWKProcessPoolFactory.h"; sourceTree = "<group>"; };
		13D53CC497694C8BA34B677D /* CDVWKWebViewUIDelegate.h */ = {isa = PBXFileReference; explicitFileType = undefined; fileEncoding = 4; includeInIndex = 0; lastKnownFileType = sourcecode.c.h; name = CDVWKWebViewUIDelegate.h; path = "cordova-plugin-wkwebview-engine/CDVWKWebViewUIDelegate.h"; sourceTree = "<group>"; };
		1D3623240D0F684500981E51 /* AppDelegate.h */ = {isa = PBXFileReference; fileEncoding = 4; lastKnownFileType = sourcecode.c.h; path = AppDelegate.h; sourceTree = "<group>"; };
		1D3623250D0F684500981E51 /* AppDelegate.m */ = {isa = PBXFileReference; fileEncoding = 4; lastKnownFileType = sourcecode.c.objc; path = AppDelegate.m; sourceTree = "<group>"; };
		1D6058910D05DD3D006BFB54 /* SampleVideoChatConfCordova.app */ = {isa = PBXFileReference; explicitFileType = wrapper.application; includeInIndex = 0; path = SampleVideoChatConfCordova.app; sourceTree = BUILT_PRODUCTS_DIR; };
		29B97316FDCFA39411CA2CEA /* main.m */ = {isa = PBXFileReference; fileEncoding = 4; lastKnownFileType = sourcecode.c.objc; path = main.m; sourceTree = "<group>"; };
		2D602FECB9E74A7A88FB3F89 /* PluginRTCTypes.swift */ = {isa = PBXFileReference; explicitFileType = undefined; fileEncoding = 4; includeInIndex = 0; lastKnownFileType = sourcecode.swift; name = PluginRTCTypes.swift; path = "cordova-plugin-iosrtc/PluginRTCTypes.swift"; sourceTree = "<group>"; };
		3011FEF74EE847EFA2DA1047 /* libstdc++.dylib */ = {isa = PBXFileReference; explicitFileType = undefined; fileEncoding = 9; includeInIndex = 0; lastKnownFileType = "compiled.mach-o.dylib"; name = "libstdc++.dylib"; path = "usr/lib/libstdc++.dylib"; sourceTree = SDKROOT; };
		301BF52D109A57CC0062928A /* CordovaLib.xcodeproj */ = {isa = PBXFileReference; lastKnownFileType = "wrapper.pb-project"; name = CordovaLib.xcodeproj; path = CordovaLib/CordovaLib.xcodeproj; sourceTree = "<group>"; };
		301BF56E109A69640062928A /* www */ = {isa = PBXFileReference; lastKnownFileType = folder; path = www; sourceTree = SOURCE_ROOT; };
		302D95EE14D2391D003F00A1 /* MainViewController.h */ = {isa = PBXFileReference; fileEncoding = 4; lastKnownFileType = sourcecode.c.h; path = MainViewController.h; sourceTree = "<group>"; };
		302D95EF14D2391D003F00A1 /* MainViewController.m */ = {isa = PBXFileReference; fileEncoding = 4; lastKnownFileType = sourcecode.c.objc; path = MainViewController.m; sourceTree = "<group>"; };
		302D95F014D2391D003F00A1 /* MainViewController.xib */ = {isa = PBXFileReference; fileEncoding = 4; lastKnownFileType = file.xib; path = MainViewController.xib; sourceTree = "<group>"; };
		3047A50F1AB8059700498E2A /* build-debug.xcconfig */ = {isa = PBXFileReference; fileEncoding = 4; lastKnownFileType = text.xcconfig; name = "build-debug.xcconfig"; path = "cordova/build-debug.xcconfig"; sourceTree = SOURCE_ROOT; };
		3047A5101AB8059700498E2A /* build-release.xcconfig */ = {isa = PBXFileReference; fileEncoding = 4; lastKnownFileType = text.xcconfig; name = "build-release.xcconfig"; path = "cordova/build-release.xcconfig"; sourceTree = SOURCE_ROOT; };
		3047A5111AB8059700498E2A /* build.xcconfig */ = {isa = PBXFileReference; fileEncoding = 4; lastKnownFileType = text.xcconfig; name = build.xcconfig; path = cordova/build.xcconfig; sourceTree = SOURCE_ROOT; };
		32CA4F630368D1EE00C91783 /* SampleVideoChatConfCordova-Prefix.pch */ = {isa = PBXFileReference; fileEncoding = 4; lastKnownFileType = sourcecode.c.h; path = "SampleVideoChatConfCordova-Prefix.pch"; sourceTree = "<group>"; };
		3D65D0FF048847C2B1BB2AE7 /* QuartzCore.framework */ = {isa = PBXFileReference; explicitFileType = undefined; fileEncoding = 9; includeInIndex = 0; lastKnownFileType = wrapper.framework; name = QuartzCore.framework; path = System/Library/Frameworks/QuartzCore.framework; sourceTree = SDKROOT; };
		402C0B369B204F7EB530C5D7 /* CDVWKProcessPoolFactory.m */ = {isa = PBXFileReference; explicitFileType = undefined; fileEncoding = 4; includeInIndex = 0; lastKnownFileType = sourcecode.c.objc; name = CDVWKProcessPoolFactory.m; path = "cordova-plugin-wkwebview-engine/CDVWKProcessPoolFactory.m"; sourceTree = "<group>"; };
		4871D6C6537A4E27B2677957 /* iosrtcPlugin.swift */ = {isa = PBXFileReference; explicitFileType = undefined; fileEncoding = 4; includeInIndex = 0; lastKnownFileType = sourcecode.swift; name = iosrtcPlugin.swift; path = "cordova-plugin-iosrtc/iosrtcPlugin.swift"; sourceTree = "<group>"; };
		4A68EE1E41244C03978CE974 /* PluginUtils.swift */ = {isa = PBXFileReference; explicitFileType = undefined; fileEncoding = 4; includeInIndex = 0; lastKnownFileType = sourcecode.swift; name = PluginUtils.swift; path = "cordova-plugin-iosrtc/PluginUtils.swift"; sourceTree = "<group>"; };
		4F5B0FE06C1C448B899593A1 /* PluginMediaStream.swift */ = {isa = PBXFileReference; explicitFileType = undefined; fileEncoding = 4; includeInIndex = 0; lastKnownFileType = sourcecode.swift; name = PluginMediaStream.swift; path = "cordova-plugin-iosrtc/PluginMediaStream.swift"; sourceTree = "<group>"; };
		5981457C4E3846E7A7C8EA22 /* PluginRTCDataChannel.swift */ = {isa = PBXFileReference; explicitFileType = undefined; fileEncoding = 4; includeInIndex = 0; lastKnownFileType = sourcecode.swift; name = PluginRTCDataChannel.swift; path = "cordova-plugin-iosrtc/PluginRTCDataChannel.swift"; sourceTree = "<group>"; };
		5C41A3C3F0D5428097D606AC /* PluginRTCVideoCaptureController.swift */ = {isa = PBXFileReference; explicitFileType = undefined; fileEncoding = 4; includeInIndex = 0; lastKnownFileType = sourcecode.swift; name = PluginRTCVideoCaptureController.swift; path = "cordova-plugin-iosrtc/PluginRTCVideoCaptureController.swift"; sourceTree = "<group>"; };
		604CED0F18E9401D8FD2763B /* CDVDevice.m */ = {isa = PBXFileReference; explicitFileType = undefined; fileEncoding = 4; includeInIndex = 0; lastKnownFileType = sourcecode.c.objc; name = CDVDevice.m; path = "cordova-plugin-device/CDVDevice.m"; sourceTree = "<group>"; };
		62673C48C43144E881D40870 /* PluginRTCAudioController.swift */ = {isa = PBXFileReference; explicitFileType = undefined; fileEncoding = 4; includeInIndex = 0; lastKnownFileType = sourcecode.swift; name = PluginRTCAudioController.swift; path = "cordova-plugin-iosrtc/PluginRTCAudioController.swift"; sourceTree = "<group>"; };
		65F278CB3AE14522B6775513 /* CoreLocation.framework */ = {isa = PBXFileReference; explicitFileType = undefined; fileEncoding = 9; includeInIndex = 0; lastKnownFileType = wrapper.framework; name = CoreLocation.framework; path = System/Library/Frameworks/CoreLocation.framework; sourceTree = SDKROOT; };
		6976F259373646BD9C5F562F /* GLKit.framework */ = {isa = PBXFileReference; explicitFileType = undefined; fileEncoding = 9; includeInIndex = 0; lastKnownFileType = wrapper.framework; name = GLKit.framework; path = System/Library/Frameworks/GLKit.framework; sourceTree = SDKROOT; };
		6AFF5BF81D6E424B00AB3073 /* CDVLaunchScreen.storyboard */ = {isa = PBXFileReference; fileEncoding = 4; lastKnownFileType = file.storyboard; name = CDVLaunchScreen.storyboard; path = SampleVideoChatConfCordova/CDVLaunchScreen.storyboard; sourceTree = SOURCE_ROOT; };
		6B8C79C193E14933A7AE1FF5 /* CDVWKWebViewEngine.h */ = {isa = PBXFileReference; explicitFileType = undefined; fileEncoding = 4; includeInIndex = 0; lastKnownFileType = sourcecode.c.h; name = CDVWKWebViewEngine.h; path = "cordova-plugin-wkwebview-engine/CDVWKWebViewEngine.h"; sourceTree = "<group>"; };
		7E276DEC769F433BA547B6CF /* CoreMedia.framework */ = {isa = PBXFileReference; explicitFileType = undefined; fileEncoding = 9; includeInIndex = 0; lastKnownFileType = wrapper.framework; name = CoreMedia.framework; path = System/Library/Frameworks/CoreMedia.framework; sourceTree = SDKROOT; };
		846944DFB4024E7195087B28 /* VideoToolbox.framework */ = {isa = PBXFileReference; explicitFileType = undefined; fileEncoding = 9; includeInIndex = 0; lastKnownFileType = wrapper.framework; name = VideoToolbox.framework; path = System/Library/Frameworks/VideoToolbox.framework; sourceTree = SDKROOT; };
		8AC33029C4614AD58AC737E8 /* CDVStatusBar.m */ = {isa = PBXFileReference; explicitFileType = undefined; fileEncoding = 4; includeInIndex = 0; lastKnownFileType = sourcecode.c.objc; name = CDVStatusBar.m; path = "cordova-plugin-statusbar/CDVStatusBar.m"; sourceTree = "<group>"; };
		8D1107310486CEB800E47090 /* SampleVideoChatConfCordova-Info.plist */ = {isa = PBXFileReference; fileEncoding = 4; lastKnownFileType = text.plist.xml; name = "SampleVideoChatConfCordova-Info.plist"; path = "SampleVideoChatConfCordova/SampleVideoChatConfCordova-Info.plist"; plistStructureDefinitionIdentifier = "com.apple.xcode.plist.structure-definition.iphone.info-plist"; sourceTree = SOURCE_ROOT; };
		8DE5DAD198A140AD8196FF73 /* WebKit.framework */ = {isa = PBXFileReference; explicitFileType = undefined; fileEncoding = 9; includeInIndex = 0; lastKnownFileType = wrapper.framework; name = WebKit.framework; path = System/Library/Frameworks/WebKit.framework; sourceTree = SDKROOT; };
		93EC4A710E80408C9165966F /* libsqlite3.0.dylib */ = {isa = PBXFileReference; explicitFileType = undefined; fileEncoding = 9; includeInIndex = 0; lastKnownFileType = "compiled.mach-o.dylib"; name = libsqlite3.0.dylib; path = usr/lib/libsqlite3.0.dylib; sourceTree = SDKROOT; };
		94C7C8B7BA2A47C3A4D47080 /* CoreVideo.framework */ = {isa = PBXFileReference; explicitFileType = undefined; fileEncoding = 9; includeInIndex = 0; lastKnownFileType = wrapper.framework; name = CoreVideo.framework; path = System/Library/Frameworks/CoreVideo.framework; sourceTree = SDKROOT; };
		9EA4F631D50542CD9BF9E580 /* PluginMediaStreamTrack.swift */ = {isa = PBXFileReference; explicitFileType = undefined; fileEncoding = 4; includeInIndex = 0; lastKnownFileType = sourcecode.swift; name = PluginMediaStreamTrack.swift; path = "cordova-plugin-iosrtc/PluginMediaStreamTrack.swift"; sourceTree = "<group>"; };
		9EDDD835AA5144AEA8E72775 /* CDVStatusBar.h */ = {isa = PBXFileReference; explicitFileType = undefined; fileEncoding = 4; includeInIndex = 0; lastKnownFileType = sourcecode.c.h; name = CDVStatusBar.h; path = "cordova-plugin-statusbar/CDVStatusBar.h"; sourceTree = "<group>"; };
		A840AC889B194EAA8A44242C /* PluginGetUserMedia.swift */ = {isa = PBXFileReference; explicitFileType = undefined; fileEncoding = 4; includeInIndex = 0; lastKnownFileType = sourcecode.swift; name = PluginGetUserMedia.swift; path = "cordova-plugin-iosrtc/PluginGetUserMedia.swift"; sourceTree = "<group>"; };
		A8DBB0FE466B424AA5864973 /* PluginMediaStreamRenderer.swift */ = {isa = PBXFileReference; explicitFileType = undefined; fileEncoding = 4; includeInIndex = 0; lastKnownFileType = sourcecode.swift; name = PluginMediaStreamRenderer.swift; path = "cordova-plugin-iosrtc/PluginMediaStreamRenderer.swift"; sourceTree = "<group>"; };
		C1FE671A022C4766AF0A9349 /* cordova-plugin-iosrtc-Bridging-Header.h */ = {isa = PBXFileReference; explicitFileType = undefined; fileEncoding = 4; includeInIndex = 0; lastKnownFileType = sourcecode.c.h; name = "cordova-plugin-iosrtc-Bridging-Header.h"; path = "cordova-plugin-iosrtc/cordova-plugin-iosrtc-Bridging-Header.h"; sourceTree = "<group>"; };
		C36B628955464D9884EDDD61 /* CDVWKWebViewUIDelegate.m */ = {isa = PBXFileReference; explicitFileType = undefined; fileEncoding = 4; includeInIndex = 0; lastKnownFileType = sourcecode.c.objc; name = CDVWKWebViewUIDelegate.m; path = "cordova-plugin-wkwebview-engine/CDVWKWebViewUIDelegate.m"; sourceTree = "<group>"; };
		CA8C4837CD15496BAFB26EE2 /* PluginRTCDTMFSender.swift */ = {isa = PBXFileReference; explicitFileType = undefined; fileEncoding = 4; includeInIndex = 0; lastKnownFileType = sourcecode.swift; name = PluginRTCDTMFSender.swift; path = "cordova-plugin-iosrtc/PluginRTCDTMFSender.swift"; sourceTree = "<group>"; };
		CF85E7A8690046E0820DBFE9 /* PluginRTCPeerConnectionConfig.swift */ = {isa = PBXFileReference; explicitFileType = undefined; fileEncoding = 4; includeInIndex = 0; lastKnownFileType = sourcecode.swift; name = PluginRTCPeerConnectionConfig.swift; path = "cordova-plugin-iosrtc/PluginRTCPeerConnectionConfig.swift"; sourceTree = "<group>"; };
		D7D58F023AB34BC0B732E9DD /* PluginRTCPeerConnection.swift */ = {isa = PBXFileReference; explicitFileType = undefined; fileEncoding = 4; includeInIndex = 0; lastKnownFileType = sourcecode.swift; name = PluginRTCPeerConnection.swift; path = "cordova-plugin-iosrtc/PluginRTCPeerConnection.swift"; sourceTree = "<group>"; };
		E252D33C3F004810A169396B /* CDVWKWebViewEngine.m */ = {isa = PBXFileReference; explicitFileType = undefined; fileEncoding = 4; includeInIndex = 0; lastKnownFileType = sourcecode.c.objc; name = CDVWKWebViewEngine.m; path = "cordova-plugin-wkwebview-engine/CDVWKWebViewEngine.m"; sourceTree = "<group>"; };
		E44B412E38F74608AB279283 /* AVFoundation.framework */ = {isa = PBXFileReference; explicitFileType = undefined; fileEncoding = 9; includeInIndex = 0; lastKnownFileType = wrapper.framework; name = AVFoundation.framework; path = System/Library/Frameworks/AVFoundation.framework; sourceTree = SDKROOT; };
		E64A27756C084F53ACA212B8 /* PluginEnumerateDevices.swift */ = {isa = PBXFileReference; explicitFileType = undefined; fileEncoding = 4; includeInIndex = 0; lastKnownFileType = sourcecode.swift; name = PluginEnumerateDevices.swift; path = "cordova-plugin-iosrtc/PluginEnumerateDevices.swift"; sourceTree = "<group>"; };
		EAB3AFC06E194E8E98B1B567 /* libc++.dylib */ = {isa = PBXFileReference; explicitFileType = undefined; fileEncoding = 9; includeInIndex = 0; lastKnownFileType = "compiled.mach-o.dylib"; name = "libc++.dylib"; path = "usr/lib/libc++.dylib"; sourceTree = SDKROOT; };
		EB87FDF31871DA8E0020F90C /* www */ = {isa = PBXFileReference; lastKnownFileType = folder; name = www; path = ../../www; sourceTree = "<group>"; };
		EB87FDF41871DAF40020F90C /* config.xml */ = {isa = PBXFileReference; lastKnownFileType = text.xml; name = config.xml; path = ../../config.xml; sourceTree = "<group>"; };
		EC238215EFAB4528AAF272E8 /* CDVDevice.h */ = {isa = PBXFileReference; explicitFileType = undefined; fileEncoding = 4; includeInIndex = 0; lastKnownFileType = sourcecode.c.h; name = CDVDevice.h; path = "cordova-plugin-device/CDVDevice.h"; sourceTree = "<group>"; };
		ED33DF2A687741AEAF9F8254 /* Bridging-Header.h */ = {isa = PBXFileReference; fileEncoding = 4; lastKnownFileType = sourcecode.c.h; path = "Bridging-Header.h"; sourceTree = "<group>"; };
		F5BA5A7A090B4F9193F7B3DD /* AudioToolbox.framework */ = {isa = PBXFileReference; explicitFileType = undefined; fileEncoding = 9; includeInIndex = 0; lastKnownFileType = wrapper.framework; name = AudioToolbox.framework; path = System/Library/Frameworks/AudioToolbox.framework; sourceTree = SDKROOT; };
		F79F06665C604ED0A3FBFE1C /* WebRTC.framework */ = {isa = PBXFileReference; explicitFileType = undefined; fileEncoding = 9; includeInIndex = 0; lastKnownFileType = wrapper.framework; name = WebRTC.framework; path = "SampleVideoChatConfCordova/Plugins/cordova-plugin-iosrtc/WebRTC.framework"; sourceTree = "<group>"; };
		F8196EB0BF9C4DE685C595A3 /* OpenGLES.framework */ = {isa = PBXFileReference; explicitFileType = undefined; fileEncoding = 9; includeInIndex = 0; lastKnownFileType = wrapper.framework; name = OpenGLES.framework; path = System/Library/Frameworks/OpenGLES.framework; sourceTree = SDKROOT; };
		F829F2DB082540AEB3DD7078 /* PluginRTCPeerConnectionConstraints.swift */ = {isa = PBXFileReference; explicitFileType = undefined; fileEncoding = 4; includeInIndex = 0; lastKnownFileType = sourcecode.swift; name = PluginRTCPeerConnectionConstraints.swift; path = "cordova-plugin-iosrtc/PluginRTCPeerConnectionConstraints.swift"; sourceTree = "<group>"; };
		F840E1F0165FE0F500CFE078 /* config.xml */ = {isa = PBXFileReference; lastKnownFileType = text.xml; name = config.xml; path = SampleVideoChatConfCordova/config.xml; sourceTree = "<group>"; };
		F97203F468C44D789C59C99E /* CoreAudio.framework */ = {isa = PBXFileReference; explicitFileType = undefined; fileEncoding = 9; includeInIndex = 0; lastKnownFileType = wrapper.framework; name = CoreAudio.framework; path = System/Library/Frameworks/CoreAudio.framework; sourceTree = SDKROOT; };
/* End PBXFileReference section */

/* Begin PBXFrameworksBuildPhase section */
		1D60588F0D05DD3D006BFB54 /* Frameworks */ = {
			isa = PBXFrameworksBuildPhase;
			buildActionMask = 2147483647;
			files = (
				301BF552109A68D80062928A /* libCordova.a in Frameworks */,
				8BD523C3996B4B4FB4777DAD /* WebKit.framework in Frameworks */,
				7CAF50CE48AE4F87B3409A11 /* AVFoundation.framework in Frameworks */,
				4D792F0BA91745B89FA2EB80 /* CoreMedia.framework in Frameworks */,
				985F8851858243FB8D4EBE3D /* GLKit.framework in Frameworks */,
				A8814FE5833242E29AC4ECDE /* OpenGLES.framework in Frameworks */,
				7F942337482F478ABAFCCEEF /* CoreVideo.framework in Frameworks */,
				FAC06B7CB38E4D8CA6AD6D26 /* CoreAudio.framework in Frameworks */,
				41391DA0EF9649B1A5A9C372 /* QuartzCore.framework in Frameworks */,
				9B560BEAB30D4726BB79A115 /* CoreLocation.framework in Frameworks */,
				220C409D601246AD84C18AE0 /* AudioToolbox.framework in Frameworks */,
				3C5B8A6979A5491099852448 /* libc++.dylib in Frameworks */,
				29A6AC47124E40518CEF77E1 /* libstdc++.dylib in Frameworks */,
				2575F6B7480E47A3BDF2A895 /* libsqlite3.0.dylib in Frameworks */,
				0178D2F5C8FF4A0D98AF5968 /* VideoToolbox.framework in Frameworks */,
			);
			runOnlyForDeploymentPostprocessing = 0;
		};
/* End PBXFrameworksBuildPhase section */

/* Begin PBXGroup section */
		080E96DDFE201D6D7F000001 /* Classes */ = {
			isa = PBXGroup;
			children = (
				302D95EE14D2391D003F00A1 /* MainViewController.h */,
				302D95EF14D2391D003F00A1 /* MainViewController.m */,
				302D95F014D2391D003F00A1 /* MainViewController.xib */,
				1D3623240D0F684500981E51 /* AppDelegate.h */,
				1D3623250D0F684500981E51 /* AppDelegate.m */,
			);
			name = Classes;
			path = SampleVideoChatConfCordova/Classes;
			sourceTree = SOURCE_ROOT;
		};
		19C28FACFE9D520D11CA2CBB /* Products */ = {
			isa = PBXGroup;
			children = (
				1D6058910D05DD3D006BFB54 /* SampleVideoChatConfCordova.app */,
			);
			name = Products;
			sourceTree = "<group>";
		};
		29B97314FDCFA39411CA2CEA /* CustomTemplate */ = {
			isa = PBXGroup;
			children = (
				EB87FDF41871DAF40020F90C /* config.xml */,
				EB87FDF31871DA8E0020F90C /* www */,
				EB87FDF11871DA420020F90C /* Staging */,
				301BF52D109A57CC0062928A /* CordovaLib.xcodeproj */,
				080E96DDFE201D6D7F000001 /* Classes */,
				307C750510C5A3420062BCA9 /* Plugins */,
				29B97315FDCFA39411CA2CEA /* Other Sources */,
				29B97317FDCFA39411CA2CEA /* Resources */,
				29B97323FDCFA39411CA2CEA /* Frameworks */,
				19C28FACFE9D520D11CA2CBB /* Products */,
			);
			name = CustomTemplate;
			sourceTree = "<group>";
		};
		29B97315FDCFA39411CA2CEA /* Other Sources */ = {
			isa = PBXGroup;
			children = (
				32CA4F630368D1EE00C91783 /* SampleVideoChatConfCordova-Prefix.pch */,
				29B97316FDCFA39411CA2CEA /* main.m */,
				ED33DF2A687741AEAF9F8254 /* Bridging-Header.h */,
			);
			name = "Other Sources";
			path = SampleVideoChatConfCordova;
			sourceTree = "<group>";
		};
		29B97317FDCFA39411CA2CEA /* Resources */ = {
			isa = PBXGroup;
			children = (
				0207DA571B56EA530066E2B4 /* Images.xcassets */,
				3047A50E1AB8057F00498E2A /* config */,
				8D1107310486CEB800E47090 /* SampleVideoChatConfCordova-Info.plist */,
				6AFF5BF81D6E424B00AB3073 /* CDVLaunchScreen.storyboard */,
			);
			name = Resources;
			path = SampleVideoChatConfCordova/Resources;
			sourceTree = "<group>";
		};
		29B97323FDCFA39411CA2CEA /* Frameworks */ = {
			isa = PBXGroup;
			children = (
				8DE5DAD198A140AD8196FF73 /* WebKit.framework */,
				E44B412E38F74608AB279283 /* AVFoundation.framework */,
				7E276DEC769F433BA547B6CF /* CoreMedia.framework */,
				6976F259373646BD9C5F562F /* GLKit.framework */,
				F8196EB0BF9C4DE685C595A3 /* OpenGLES.framework */,
				94C7C8B7BA2A47C3A4D47080 /* CoreVideo.framework */,
				F97203F468C44D789C59C99E /* CoreAudio.framework */,
				3D65D0FF048847C2B1BB2AE7 /* QuartzCore.framework */,
				65F278CB3AE14522B6775513 /* CoreLocation.framework */,
				F5BA5A7A090B4F9193F7B3DD /* AudioToolbox.framework */,
				EAB3AFC06E194E8E98B1B567 /* libc++.dylib */,
				3011FEF74EE847EFA2DA1047 /* libstdc++.dylib */,
				93EC4A710E80408C9165966F /* libsqlite3.0.dylib */,
				846944DFB4024E7195087B28 /* VideoToolbox.framework */,
				F79F06665C604ED0A3FBFE1C /* WebRTC.framework */,
			);
			name = Frameworks;
			sourceTree = "<group>";
		};
		301BF52E109A57CC0062928A /* Products */ = {
			isa = PBXGroup;
			children = (
				301BF535109A57CC0062928A /* libCordova.a */,
				907D8124214C687600058A10 /* Cordova.framework */,
			);
			name = Products;
			sourceTree = "<group>";
		};
		3047A50E1AB8057F00498E2A /* config */ = {
			isa = PBXGroup;
			children = (
				3047A50F1AB8059700498E2A /* build-debug.xcconfig */,
				3047A5101AB8059700498E2A /* build-release.xcconfig */,
				3047A5111AB8059700498E2A /* build.xcconfig */,
			);
			name = config;
			sourceTree = "<group>";
		};
		307C750510C5A3420062BCA9 /* Plugins */ = {
			isa = PBXGroup;
			children = (
				604CED0F18E9401D8FD2763B /* CDVDevice.m */,
				EC238215EFAB4528AAF272E8 /* CDVDevice.h */,
				8AC33029C4614AD58AC737E8 /* CDVStatusBar.m */,
				9EDDD835AA5144AEA8E72775 /* CDVStatusBar.h */,
				E252D33C3F004810A169396B /* CDVWKWebViewEngine.m */,
				C36B628955464D9884EDDD61 /* CDVWKWebViewUIDelegate.m */,
				402C0B369B204F7EB530C5D7 /* CDVWKProcessPoolFactory.m */,
				6B8C79C193E14933A7AE1FF5 /* CDVWKWebViewEngine.h */,
				13D53CC497694C8BA34B677D /* CDVWKWebViewUIDelegate.h */,
				0395869C344843C291C4771F /* CDVWKProcessPoolFactory.h */,
				4871D6C6537A4E27B2677957 /* iosrtcPlugin.swift */,
				2D602FECB9E74A7A88FB3F89 /* PluginRTCTypes.swift */,
				D7D58F023AB34BC0B732E9DD /* PluginRTCPeerConnection.swift */,
				CF85E7A8690046E0820DBFE9 /* PluginRTCPeerConnectionConfig.swift */,
				F829F2DB082540AEB3DD7078 /* PluginRTCPeerConnectionConstraints.swift */,
				5981457C4E3846E7A7C8EA22 /* PluginRTCDataChannel.swift */,
				CA8C4837CD15496BAFB26EE2 /* PluginRTCDTMFSender.swift */,
				4F5B0FE06C1C448B899593A1 /* PluginMediaStream.swift */,
				9EA4F631D50542CD9BF9E580 /* PluginMediaStreamTrack.swift */,
				A840AC889B194EAA8A44242C /* PluginGetUserMedia.swift */,
				E64A27756C084F53ACA212B8 /* PluginEnumerateDevices.swift */,
				4A68EE1E41244C03978CE974 /* PluginUtils.swift */,
				A8DBB0FE466B424AA5864973 /* PluginMediaStreamRenderer.swift */,
				62673C48C43144E881D40870 /* PluginRTCAudioController.swift */,
				5C41A3C3F0D5428097D606AC /* PluginRTCVideoCaptureController.swift */,
				C1FE671A022C4766AF0A9349 /* cordova-plugin-iosrtc-Bridging-Header.h */,
			);
			name = Plugins;
			path = SampleVideoChatConfCordova/Plugins;
			sourceTree = SOURCE_ROOT;
		};
		EB87FDF11871DA420020F90C /* Staging */ = {
			isa = PBXGroup;
			children = (
				F840E1F0165FE0F500CFE078 /* config.xml */,
				301BF56E109A69640062928A /* www */,
			);
			name = Staging;
			sourceTree = "<group>";
		};
/* End PBXGroup section */

/* Begin PBXNativeTarget section */
		1D6058900D05DD3D006BFB54 /* SampleVideoChatConfCordova */ = {
			isa = PBXNativeTarget;
			buildConfigurationList = 1D6058960D05DD3E006BFB54 /* Build configuration list for PBXNativeTarget "SampleVideoChatConfCordova" */;
			buildPhases = (
				304B58A110DAC018002A0835 /* Copy www directory */,
				1D60588D0D05DD3D006BFB54 /* Resources */,
				1D60588E0D05DD3D006BFB54 /* Sources */,
				1D60588F0D05DD3D006BFB54 /* Frameworks */,
				51AAB6CB3FB64DEAAE7A6DCD /* Embed Frameworks */,
			);
			buildRules = (
			);
			dependencies = (
				301BF551109A68C00062928A /* PBXTargetDependency */,
			);
			name = SampleVideoChatConfCordova;
			productName = SampleVideoChatConfCordova;
			productReference = 1D6058910D05DD3D006BFB54 /* SampleVideoChatConfCordova.app */;
			productType = "com.apple.product-type.application";
		};
/* End PBXNativeTarget section */

/* Begin PBXProject section */
		29B97313FDCFA39411CA2CEA /* Project object */ = {
			isa = PBXProject;
			attributes = {
				LastUpgradeCheck = 510;
				TargetAttributes = {
					1D6058900D05DD3D006BFB54 = {
						DevelopmentTeam = 7FN8T8KP47;
						ProvisioningStyle = Automatic;
					};
				};
			};
			buildConfigurationList = C01FCF4E08A954540054247B /* Build configuration list for PBXProject "SampleVideoChatConfCordova" */;
			compatibilityVersion = "Xcode 3.2";
			developmentRegion = English;
			hasScannedForEncodings = 1;
			knownRegions = (
				English,
				en,
				Base,
			);
			mainGroup = 29B97314FDCFA39411CA2CEA /* CustomTemplate */;
			projectDirPath = "";
			projectReferences = (
				{
					ProductGroup = 301BF52E109A57CC0062928A /* Products */;
					ProjectRef = 301BF52D109A57CC0062928A /* CordovaLib.xcodeproj */;
				},
			);
			projectRoot = "";
			targets = (
				1D6058900D05DD3D006BFB54 /* SampleVideoChatConfCordova */,
			);
		};
/* End PBXProject section */

/* Begin PBXReferenceProxy section */
		301BF535109A57CC0062928A /* libCordova.a */ = {
			isa = PBXReferenceProxy;
			fileType = archive.ar;
			path = libCordova.a;
			remoteRef = 301BF534109A57CC0062928A /* PBXContainerItemProxy */;
			sourceTree = BUILT_PRODUCTS_DIR;
		};
		907D8124214C687600058A10 /* Cordova.framework */ = {
			isa = PBXReferenceProxy;
			fileType = wrapper.framework;
			path = Cordova.framework;
			remoteRef = 907D8123214C687600058A10 /* PBXContainerItemProxy */;
			sourceTree = BUILT_PRODUCTS_DIR;
		};
/* End PBXReferenceProxy section */

/* Begin PBXResourcesBuildPhase section */
		1D60588D0D05DD3D006BFB54 /* Resources */ = {
			isa = PBXResourcesBuildPhase;
			buildActionMask = 2147483647;
			files = (
				302D95F214D2391D003F00A1 /* MainViewController.xib in Resources */,
				0207DA581B56EA530066E2B4 /* Images.xcassets in Resources */,
				6AFF5BF91D6E424B00AB3073 /* CDVLaunchScreen.storyboard in Resources */,
			);
			runOnlyForDeploymentPostprocessing = 0;
		};
/* End PBXResourcesBuildPhase section */

/* Begin PBXShellScriptBuildPhase section */
		304B58A110DAC018002A0835 /* Copy www directory */ = {
			isa = PBXShellScriptBuildPhase;
			buildActionMask = 2147483647;
			files = (
			);
			inputPaths = (
			);
			name = "Copy www directory";
			outputPaths = (
			);
			runOnlyForDeploymentPostprocessing = 0;
			shellPath = /bin/sh;
			shellScript = "\"$SRCROOT/SampleVideoChatConfCordova/Scripts/copy-www-build-step.sh\"";
			showEnvVarsInLog = 0;
		};
/* End PBXShellScriptBuildPhase section */

/* Begin PBXSourcesBuildPhase section */
		1D60588E0D05DD3D006BFB54 /* Sources */ = {
			isa = PBXSourcesBuildPhase;
			buildActionMask = 2147483647;
			files = (
				1D60589B0D05DD56006BFB54 /* main.m in Sources */,
				1D3623260D0F684500981E51 /* AppDelegate.m in Sources */,
				302D95F114D2391D003F00A1 /* MainViewController.m in Sources */,
				7DCF6DC0783348FD8E2AF88E /* CDVDevice.m in Sources */,
				13910445EB1144489DCBD007 /* CDVStatusBar.m in Sources */,
				BCBEF4B04CAB4AFFBF0D2B32 /* CDVWKWebViewEngine.m in Sources */,
				741C7540980C400184CC93EE /* CDVWKWebViewUIDelegate.m in Sources */,
				616D8BF493DE4266AA9C7B89 /* CDVWKProcessPoolFactory.m in Sources */,
				10797DD311E847449AA3F041 /* iosrtcPlugin.swift in Sources */,
				A02B55FA1C4843C79F6F8997 /* PluginRTCTypes.swift in Sources */,
				E441B82A01E142A6AB766F0A /* PluginRTCPeerConnection.swift in Sources */,
				E2989DDCCC17430D86817E12 /* PluginRTCPeerConnectionConfig.swift in Sources */,
				BB254E3837584518A9111294 /* PluginRTCPeerConnectionConstraints.swift in Sources */,
				87CC19092CB5481DB389CF0F /* PluginRTCDataChannel.swift in Sources */,
				897CB8C7E09B44BDADD40C84 /* PluginRTCDTMFSender.swift in Sources */,
				4BF2AB8FB44F403F9B823CCC /* PluginMediaStream.swift in Sources */,
				9EA6A6B341F94886B6C8A9F1 /* PluginMediaStreamTrack.swift in Sources */,
				5B72E8C5919346AE8EA45CB0 /* PluginGetUserMedia.swift in Sources */,
				D4246404429A461294B67588 /* PluginEnumerateDevices.swift in Sources */,
				14DE7F4F9FF443E8A68D3D51 /* PluginUtils.swift in Sources */,
				CDE17A98AE4C441DAD908F40 /* PluginMediaStreamRenderer.swift in Sources */,
				55138B56A4A64565887ADDE6 /* PluginRTCAudioController.swift in Sources */,
				C20CC68F21574182B1065D81 /* PluginRTCVideoCaptureController.swift in Sources */,
			);
			runOnlyForDeploymentPostprocessing = 0;
		};
/* End PBXSourcesBuildPhase section */

/* Begin PBXTargetDependency section */
		301BF551109A68C00062928A /* PBXTargetDependency */ = {
			isa = PBXTargetDependency;
			name = CordovaLib;
			targetProxy = 301BF550109A68C00062928A /* PBXContainerItemProxy */;
		};
/* End PBXTargetDependency section */

/* Begin XCBuildConfiguration section */
		1D6058940D05DD3E006BFB54 /* Debug */ = {
			isa = XCBuildConfiguration;
			baseConfigurationReference = 3047A50F1AB8059700498E2A /* build-debug.xcconfig */;
			buildSettings = {
				ALWAYS_SEARCH_USER_PATHS = NO;
				ASSETCATALOG_COMPILER_APPICON_NAME = AppIcon;
				ASSETCATALOG_COMPILER_LAUNCHIMAGE_NAME = LaunchImage;
				CLANG_ENABLE_MODULES = YES;
				CLANG_ENABLE_OBJC_ARC = YES;
				COPY_PHASE_STRIP = NO;
				DEVELOPMENT_TEAM = 7FN8T8KP47;
				ENABLE_BITCODE = "NO";
				FRAMEWORK_SEARCH_PATHS = (
					"$(inherited)",
					"\"SampleVideoChatConfCordova/Plugins/cordova-plugin-iosrtc\"",
				);
				GCC_DYNAMIC_NO_PIC = NO;
				GCC_OPTIMIZATION_LEVEL = 0;
				GCC_PRECOMPILE_PREFIX_HEADER = YES;
				GCC_PREFIX_HEADER = "SampleVideoChatConfCordova/SampleVideoChatConfCordova-Prefix.pch";
				GCC_THUMB_SUPPORT = NO;
				GCC_VERSION = "";
				INFOPLIST_FILE = "SampleVideoChatConfCordova/SampleVideoChatConfCordova-Info.plist";
				IPHONEOS_DEPLOYMENT_TARGET = 10.2;
				LD_RUNPATH_SEARCH_PATHS = "@executable_path/Frameworks";
				PRODUCT_BUNDLE_IDENTIFIER = com.sample.videochat.conf;
				PRODUCT_NAME = "$(TARGET_NAME)";
				SWIFT_OBJC_BRIDGING_HEADER = "SampleVideoChatConfCordova/Plugins/cordova-plugin-iosrtc/cordova-plugin-iosrtc-Bridging-Header.h";
				SWIFT_VERSION = "4.2";
				TARGETED_DEVICE_FAMILY = "1,2";
				WK_WEB_VIEW_ONLY = 1;
			};
			name = Debug;
		};
		1D6058950D05DD3E006BFB54 /* Release */ = {
			isa = XCBuildConfiguration;
			baseConfigurationReference = 3047A5101AB8059700498E2A /* build-release.xcconfig */;
			buildSettings = {
				ALWAYS_SEARCH_USER_PATHS = NO;
				ASSETCATALOG_COMPILER_APPICON_NAME = AppIcon;
				ASSETCATALOG_COMPILER_LAUNCHIMAGE_NAME = LaunchImage;
				CLANG_ENABLE_MODULES = YES;
				CLANG_ENABLE_OBJC_ARC = YES;
				COPY_PHASE_STRIP = YES;
				ENABLE_BITCODE = "NO";
				FRAMEWORK_SEARCH_PATHS = (
					"$(inherited)",
					"\"SampleVideoChatConfCordova/Plugins/cordova-plugin-iosrtc\"",
				);
				GCC_PRECOMPILE_PREFIX_HEADER = YES;
				GCC_PREFIX_HEADER = "SampleVideoChatConfCordova/SampleVideoChatConfCordova-Prefix.pch";
				GCC_THUMB_SUPPORT = NO;
				GCC_VERSION = "";
				INFOPLIST_FILE = "SampleVideoChatConfCordova/SampleVideoChatConfCordova-Info.plist";
				IPHONEOS_DEPLOYMENT_TARGET = 10.2;
				LD_RUNPATH_SEARCH_PATHS = "@executable_path/Frameworks";
				PRODUCT_BUNDLE_IDENTIFIER = com.sample.videochat.conf;
				PRODUCT_NAME = "$(TARGET_NAME)";
				SWIFT_OBJC_BRIDGING_HEADER = "SampleVideoChatConfCordova/Plugins/cordova-plugin-iosrtc/cordova-plugin-iosrtc-Bridging-Header.h";
				SWIFT_VERSION = "4.2";
				TARGETED_DEVICE_FAMILY = "1,2";
				WK_WEB_VIEW_ONLY = 1;
			};
			name = Release;
		};
		C01FCF4F08A954540054247B /* Debug */ = {
			isa = XCBuildConfiguration;
			baseConfigurationReference = 3047A5111AB8059700498E2A /* build.xcconfig */;
			buildSettings = {
				CLANG_ENABLE_MODULES = YES;
				CLANG_ENABLE_OBJC_ARC = YES;
				CLANG_WARN_BLOCK_CAPTURE_AUTORELEASING = YES;
				CLANG_WARN_BOOL_CONVERSION = YES;
				CLANG_WARN_COMMA = YES;
				CLANG_WARN_CONSTANT_CONVERSION = YES;
				CLANG_WARN_DEPRECATED_OBJC_IMPLEMENTATIONS = YES;
				CLANG_WARN_EMPTY_BODY = YES;
				CLANG_WARN_ENUM_CONVERSION = YES;
				CLANG_WARN_INFINITE_RECURSION = YES;
				CLANG_WARN_INT_CONVERSION = YES;
				CLANG_WARN_NON_LITERAL_NULL_CONVERSION = YES;
				CLANG_WARN_OBJC_IMPLICIT_RETAIN_SELF = YES;
				CLANG_WARN_OBJC_LITERAL_CONVERSION = YES;
				CLANG_WARN_RANGE_LOOP_ANALYSIS = YES;
				CLANG_WARN_STRICT_PROTOTYPES = YES;
				CLANG_WARN_SUSPICIOUS_MOVE = YES;
				CLANG_WARN_UNREACHABLE_CODE = YES;
				CLANG_WARN__DUPLICATE_METHOD_MATCH = YES;
				ENABLE_BITCODE = "NO";
				ENABLE_STRICT_OBJC_MSGSEND = YES;
				ENABLE_TESTABILITY = YES;
				GCC_C_LANGUAGE_STANDARD = c99;
				GCC_NO_COMMON_BLOCKS = YES;
				GCC_THUMB_SUPPORT = NO;
				GCC_VERSION = "";
				GCC_WARN_64_TO_32_BIT_CONVERSION = YES;
				GCC_WARN_ABOUT_RETURN_TYPE = YES;
				GCC_WARN_UNDECLARED_SELECTOR = YES;
				GCC_WARN_UNINITIALIZED_AUTOS = YES;
				GCC_WARN_UNUSED_FUNCTION = YES;
				GCC_WARN_UNUSED_VARIABLE = YES;
				IPHONEOS_DEPLOYMENT_TARGET = 10.2;
				LD_RUNPATH_SEARCH_PATHS = "@executable_path/Frameworks";
				ONLY_ACTIVE_ARCH = YES;
				PRODUCT_BUNDLE_IDENTIFIER = com.sample.videochat.conf;
				SDKROOT = iphoneos;
				SKIP_INSTALL = NO;
				SWIFT_OBJC_BRIDGING_HEADER = "SampleVideoChatConfCordova/Plugins/cordova-plugin-iosrtc/cordova-plugin-iosrtc-Bridging-Header.h";
				SWIFT_VERSION = "4.2";
				WK_WEB_VIEW_ONLY = 1;
			};
			name = Debug;
		};
		C01FCF5008A954540054247B /* Release */ = {
			isa = XCBuildConfiguration;
			baseConfigurationReference = 3047A5111AB8059700498E2A /* build.xcconfig */;
			buildSettings = {
				CLANG_ENABLE_MODULES = YES;
				CLANG_ENABLE_OBJC_ARC = YES;
				CLANG_WARN_BLOCK_CAPTURE_AUTORELEASING = YES;
				CLANG_WARN_BOOL_CONVERSION = YES;
				CLANG_WARN_COMMA = YES;
				CLANG_WARN_CONSTANT_CONVERSION = YES;
				CLANG_WARN_DEPRECATED_OBJC_IMPLEMENTATIONS = YES;
				CLANG_WARN_EMPTY_BODY = YES;
				CLANG_WARN_ENUM_CONVERSION = YES;
				CLANG_WARN_INFINITE_RECURSION = YES;
				CLANG_WARN_INT_CONVERSION = YES;
				CLANG_WARN_NON_LITERAL_NULL_CONVERSION = YES;
				CLANG_WARN_OBJC_IMPLICIT_RETAIN_SELF = YES;
				CLANG_WARN_OBJC_LITERAL_CONVERSION = YES;
				CLANG_WARN_RANGE_LOOP_ANALYSIS = YES;
				CLANG_WARN_STRICT_PROTOTYPES = YES;
				CLANG_WARN_SUSPICIOUS_MOVE = YES;
				CLANG_WARN_UNREACHABLE_CODE = YES;
				CLANG_WARN__DUPLICATE_METHOD_MATCH = YES;
				ENABLE_BITCODE = "NO";
				ENABLE_STRICT_OBJC_MSGSEND = YES;
				GCC_C_LANGUAGE_STANDARD = c99;
				GCC_NO_COMMON_BLOCKS = YES;
				GCC_THUMB_SUPPORT = NO;
				GCC_VERSION = "";
				GCC_WARN_64_TO_32_BIT_CONVERSION = YES;
				GCC_WARN_ABOUT_RETURN_TYPE = YES;
				GCC_WARN_UNDECLARED_SELECTOR = YES;
				GCC_WARN_UNINITIALIZED_AUTOS = YES;
				GCC_WARN_UNUSED_FUNCTION = YES;
				GCC_WARN_UNUSED_VARIABLE = YES;
				IPHONEOS_DEPLOYMENT_TARGET = 10.2;
				LD_RUNPATH_SEARCH_PATHS = "@executable_path/Frameworks";
				PRODUCT_BUNDLE_IDENTIFIER = com.sample.videochat.conf;
				SDKROOT = iphoneos;
				SKIP_INSTALL = NO;
				SWIFT_OBJC_BRIDGING_HEADER = "SampleVideoChatConfCordova/Plugins/cordova-plugin-iosrtc/cordova-plugin-iosrtc-Bridging-Header.h";
				SWIFT_VERSION = "4.2";
				WK_WEB_VIEW_ONLY = 1;
			};
			name = Release;
		};
/* End XCBuildConfiguration section */

/* Begin XCConfigurationList section */
		1D6058960D05DD3E006BFB54 /* Build configuration list for PBXNativeTarget "SampleVideoChatConfCordova" */ = {
			isa = XCConfigurationList;
			buildConfigurations = (
				1D6058940D05DD3E006BFB54 /* Debug */,
				1D6058950D05DD3E006BFB54 /* Release */,
			);
			defaultConfigurationIsVisible = 0;
			defaultConfigurationName = Release;
		};
		C01FCF4E08A954540054247B /* Build configuration list for PBXProject "SampleVideoChatConfCordova" */ = {
			isa = XCConfigurationList;
			buildConfigurations = (
				C01FCF4F08A954540054247B /* Debug */,
				C01FCF5008A954540054247B /* Release */,
			);
			defaultConfigurationIsVisible = 0;
			defaultConfigurationName = Release;
		};
/* End XCConfigurationList section */
	};
	rootObject = 29B97313FDCFA39411CA2CEA /* Project object */;
}
